// !$*UTF8*$!
{
	archiveVersion = 1;
	classes = {
	};
	objectVersion = 46;
	objects = {

/* Begin PBXBuildFile section */
		FD5BAB0E1A389DBA00611F9E /* AERecord.h in Headers */ = {isa = PBXBuildFile; fileRef = FD5BAB0D1A389DBA00611F9E /* AERecord.h */; settings = {ATTRIBUTES = (Public, ); }; };
		FD5BAB141A389DBA00611F9E /* AERecord.framework in Frameworks */ = {isa = PBXBuildFile; fileRef = FD5BAB081A389DBA00611F9E /* AERecord.framework */; };
		FD5BAB1B1A389DBA00611F9E /* AERecordTests.swift in Sources */ = {isa = PBXBuildFile; fileRef = FD5BAB1A1A389DBA00611F9E /* AERecordTests.swift */; };
		FD5BAB251A389E4300611F9E /* AERecord.swift in Sources */ = {isa = PBXBuildFile; fileRef = FD5BAB241A389E4300611F9E /* AERecord.swift */; };
		FD5BAB271A389F3600611F9E /* AECoreDataCollectionView.swift in Sources */ = {isa = PBXBuildFile; fileRef = FD5BAB261A389F3600611F9E /* AECoreDataCollectionView.swift */; };
		FD5BAB291A389FC100611F9E /* AECoreDataTableView.swift in Sources */ = {isa = PBXBuildFile; fileRef = FD5BAB281A389FC100611F9E /* AECoreDataTableView.swift */; };
		FD5BAB341A38A06B00611F9E /* AERecord-OSX.h in Headers */ = {isa = PBXBuildFile; fileRef = FD5BAB331A38A06B00611F9E /* AERecord-OSX.h */; settings = {ATTRIBUTES = (Public, ); }; };
		FD5BAB3A1A38A06B00611F9E /* AERecord.framework in Frameworks */ = {isa = PBXBuildFile; fileRef = FD5BAB2F1A38A06B00611F9E /* AERecord.framework */; };
		FD5BAB411A38A06B00611F9E /* AERecord_OSXTests.swift in Sources */ = {isa = PBXBuildFile; fileRef = FD5BAB401A38A06B00611F9E /* AERecord_OSXTests.swift */; };
		FD5BAB481A38A08500611F9E /* AERecord.swift in Sources */ = {isa = PBXBuildFile; fileRef = FD5BAB241A389E4300611F9E /* AERecord.swift */; };
/* End PBXBuildFile section */

/* Begin PBXContainerItemProxy section */
		FD5BAB151A389DBA00611F9E /* PBXContainerItemProxy */ = {
			isa = PBXContainerItemProxy;
			containerPortal = FD5BAAFF1A389DBA00611F9E /* Project object */;
			proxyType = 1;
			remoteGlobalIDString = FD5BAB071A389DBA00611F9E;
			remoteInfo = AERecord;
		};
		FD5BAB3B1A38A06B00611F9E /* PBXContainerItemProxy */ = {
			isa = PBXContainerItemProxy;
			containerPortal = FD5BAAFF1A389DBA00611F9E /* Project object */;
			proxyType = 1;
			remoteGlobalIDString = FD5BAB2E1A38A06B00611F9E;
			remoteInfo = "AERecord-OSX";
		};
/* End PBXContainerItemProxy section */

/* Begin PBXFileReference section */
		FD5BAB081A389DBA00611F9E /* AERecord.framework */ = {isa = PBXFileReference; explicitFileType = wrapper.framework; includeInIndex = 0; path = AERecord.framework; sourceTree = BUILT_PRODUCTS_DIR; };
		FD5BAB0C1A389DBA00611F9E /* Info.plist */ = {isa = PBXFileReference; lastKnownFileType = text.plist.xml; path = Info.plist; sourceTree = "<group>"; };
		FD5BAB0D1A389DBA00611F9E /* AERecord.h */ = {isa = PBXFileReference; lastKnownFileType = sourcecode.c.h; path = AERecord.h; sourceTree = "<group>"; };
		FD5BAB131A389DBA00611F9E /* AERecordTests.xctest */ = {isa = PBXFileReference; explicitFileType = wrapper.cfbundle; includeInIndex = 0; path = AERecordTests.xctest; sourceTree = BUILT_PRODUCTS_DIR; };
		FD5BAB191A389DBA00611F9E /* Info.plist */ = {isa = PBXFileReference; lastKnownFileType = text.plist.xml; path = Info.plist; sourceTree = "<group>"; };
		FD5BAB1A1A389DBA00611F9E /* AERecordTests.swift */ = {isa = PBXFileReference; lastKnownFileType = sourcecode.swift; path = AERecordTests.swift; sourceTree = "<group>"; };
		FD5BAB241A389E4300611F9E /* AERecord.swift */ = {isa = PBXFileReference; fileEncoding = 4; lastKnownFileType = sourcecode.swift; path = AERecord.swift; sourceTree = "<group>"; };
		FD5BAB261A389F3600611F9E /* AECoreDataCollectionView.swift */ = {isa = PBXFileReference; fileEncoding = 4; lastKnownFileType = sourcecode.swift; path = AECoreDataCollectionView.swift; sourceTree = "<group>"; };
		FD5BAB281A389FC100611F9E /* AECoreDataTableView.swift */ = {isa = PBXFileReference; fileEncoding = 4; lastKnownFileType = sourcecode.swift; path = AECoreDataTableView.swift; sourceTree = "<group>"; };
		FD5BAB2F1A38A06B00611F9E /* AERecord.framework */ = {isa = PBXFileReference; explicitFileType = wrapper.framework; includeInIndex = 0; path = AERecord.framework; sourceTree = BUILT_PRODUCTS_DIR; };
		FD5BAB321A38A06B00611F9E /* Info.plist */ = {isa = PBXFileReference; lastKnownFileType = text.plist.xml; path = Info.plist; sourceTree = "<group>"; };
		FD5BAB331A38A06B00611F9E /* AERecord-OSX.h */ = {isa = PBXFileReference; lastKnownFileType = sourcecode.c.h; path = "AERecord-OSX.h"; sourceTree = "<group>"; };
		FD5BAB391A38A06B00611F9E /* AERecord-OSXTests.xctest */ = {isa = PBXFileReference; explicitFileType = wrapper.cfbundle; includeInIndex = 0; path = "AERecord-OSXTests.xctest"; sourceTree = BUILT_PRODUCTS_DIR; };
		FD5BAB3F1A38A06B00611F9E /* Info.plist */ = {isa = PBXFileReference; lastKnownFileType = text.plist.xml; path = Info.plist; sourceTree = "<group>"; };
		FD5BAB401A38A06B00611F9E /* AERecord_OSXTests.swift */ = {isa = PBXFileReference; lastKnownFileType = sourcecode.swift; path = AERecord_OSXTests.swift; sourceTree = "<group>"; };
/* End PBXFileReference section */

/* Begin PBXFrameworksBuildPhase section */
		FD5BAB041A389DBA00611F9E /* Frameworks */ = {
			isa = PBXFrameworksBuildPhase;
			buildActionMask = 2147483647;
			files = (
			);
			runOnlyForDeploymentPostprocessing = 0;
		};
		FD5BAB101A389DBA00611F9E /* Frameworks */ = {
			isa = PBXFrameworksBuildPhase;
			buildActionMask = 2147483647;
			files = (
				FD5BAB141A389DBA00611F9E /* AERecord.framework in Frameworks */,
			);
			runOnlyForDeploymentPostprocessing = 0;
		};
		FD5BAB2B1A38A06B00611F9E /* Frameworks */ = {
			isa = PBXFrameworksBuildPhase;
			buildActionMask = 2147483647;
			files = (
			);
			runOnlyForDeploymentPostprocessing = 0;
		};
		FD5BAB361A38A06B00611F9E /* Frameworks */ = {
			isa = PBXFrameworksBuildPhase;
			buildActionMask = 2147483647;
			files = (
				FD5BAB3A1A38A06B00611F9E /* AERecord.framework in Frameworks */,
			);
			runOnlyForDeploymentPostprocessing = 0;
		};
/* End PBXFrameworksBuildPhase section */

/* Begin PBXGroup section */
		FD5BAAFE1A389DBA00611F9E = {
			isa = PBXGroup;
			children = (
				FD5BAB0A1A389DBA00611F9E /* AERecord */,
				FD5BAB171A389DBA00611F9E /* AERecordTests */,
				FD5BAB301A38A06B00611F9E /* AERecord-OSX */,
				FD5BAB3D1A38A06B00611F9E /* AERecord-OSXTests */,
				FD5BAB091A389DBA00611F9E /* Products */,
			);
			sourceTree = "<group>";
		};
		FD5BAB091A389DBA00611F9E /* Products */ = {
			isa = PBXGroup;
			children = (
				FD5BAB081A389DBA00611F9E /* AERecord.framework */,
				FD5BAB131A389DBA00611F9E /* AERecordTests.xctest */,
				FD5BAB2F1A38A06B00611F9E /* AERecord.framework */,
				FD5BAB391A38A06B00611F9E /* AERecord-OSXTests.xctest */,
			);
			name = Products;
			sourceTree = "<group>";
		};
		FD5BAB0A1A389DBA00611F9E /* AERecord */ = {
			isa = PBXGroup;
			children = (
				FD5BAB241A389E4300611F9E /* AERecord.swift */,
				FD5BAB0D1A389DBA00611F9E /* AERecord.h */,
				FD5BAB0B1A389DBA00611F9E /* Supporting Files */,
				FD5BAB261A389F3600611F9E /* AECoreDataCollectionView.swift */,
				FD5BAB281A389FC100611F9E /* AECoreDataTableView.swift */,
			);
			path = AERecord;
			sourceTree = "<group>";
		};
		FD5BAB0B1A389DBA00611F9E /* Supporting Files */ = {
			isa = PBXGroup;
			children = (
				FD5BAB0C1A389DBA00611F9E /* Info.plist */,
			);
			name = "Supporting Files";
			sourceTree = "<group>";
		};
		FD5BAB171A389DBA00611F9E /* AERecordTests */ = {
			isa = PBXGroup;
			children = (
				FD5BAB1A1A389DBA00611F9E /* AERecordTests.swift */,
				FD5BAB181A389DBA00611F9E /* Supporting Files */,
			);
			path = AERecordTests;
			sourceTree = "<group>";
		};
		FD5BAB181A389DBA00611F9E /* Supporting Files */ = {
			isa = PBXGroup;
			children = (
				FD5BAB191A389DBA00611F9E /* Info.plist */,
			);
			name = "Supporting Files";
			sourceTree = "<group>";
		};
		FD5BAB301A38A06B00611F9E /* AERecord-OSX */ = {
			isa = PBXGroup;
			children = (
				FD5BAB331A38A06B00611F9E /* AERecord-OSX.h */,
				FD5BAB311A38A06B00611F9E /* Supporting Files */,
			);
			path = "AERecord-OSX";
			sourceTree = "<group>";
		};
		FD5BAB311A38A06B00611F9E /* Supporting Files */ = {
			isa = PBXGroup;
			children = (
				FD5BAB321A38A06B00611F9E /* Info.plist */,
			);
			name = "Supporting Files";
			sourceTree = "<group>";
		};
		FD5BAB3D1A38A06B00611F9E /* AERecord-OSXTests */ = {
			isa = PBXGroup;
			children = (
				FD5BAB401A38A06B00611F9E /* AERecord_OSXTests.swift */,
				FD5BAB3E1A38A06B00611F9E /* Supporting Files */,
			);
			path = "AERecord-OSXTests";
			sourceTree = "<group>";
		};
		FD5BAB3E1A38A06B00611F9E /* Supporting Files */ = {
			isa = PBXGroup;
			children = (
				FD5BAB3F1A38A06B00611F9E /* Info.plist */,
			);
			name = "Supporting Files";
			sourceTree = "<group>";
		};
/* End PBXGroup section */

/* Begin PBXHeadersBuildPhase section */
		FD5BAB051A389DBA00611F9E /* Headers */ = {
			isa = PBXHeadersBuildPhase;
			buildActionMask = 2147483647;
			files = (
				FD5BAB0E1A389DBA00611F9E /* AERecord.h in Headers */,
			);
			runOnlyForDeploymentPostprocessing = 0;
		};
		FD5BAB2C1A38A06B00611F9E /* Headers */ = {
			isa = PBXHeadersBuildPhase;
			buildActionMask = 2147483647;
			files = (
				FD5BAB341A38A06B00611F9E /* AERecord-OSX.h in Headers */,
			);
			runOnlyForDeploymentPostprocessing = 0;
		};
/* End PBXHeadersBuildPhase section */

/* Begin PBXNativeTarget section */
		FD5BAB071A389DBA00611F9E /* AERecord */ = {
			isa = PBXNativeTarget;
			buildConfigurationList = FD5BAB1E1A389DBA00611F9E /* Build configuration list for PBXNativeTarget "AERecord" */;
			buildPhases = (
				FD5BAB031A389DBA00611F9E /* Sources */,
				FD5BAB041A389DBA00611F9E /* Frameworks */,
				FD5BAB051A389DBA00611F9E /* Headers */,
				FD5BAB061A389DBA00611F9E /* Resources */,
			);
			buildRules = (
			);
			dependencies = (
			);
			name = AERecord;
			productName = AERecord;
			productReference = FD5BAB081A389DBA00611F9E /* AERecord.framework */;
			productType = "com.apple.product-type.framework";
		};
		FD5BAB121A389DBA00611F9E /* AERecordTests */ = {
			isa = PBXNativeTarget;
			buildConfigurationList = FD5BAB211A389DBA00611F9E /* Build configuration list for PBXNativeTarget "AERecordTests" */;
			buildPhases = (
				FD5BAB0F1A389DBA00611F9E /* Sources */,
				FD5BAB101A389DBA00611F9E /* Frameworks */,
				FD5BAB111A389DBA00611F9E /* Resources */,
			);
			buildRules = (
			);
			dependencies = (
				FD5BAB161A389DBA00611F9E /* PBXTargetDependency */,
			);
			name = AERecordTests;
			productName = AERecordTests;
			productReference = FD5BAB131A389DBA00611F9E /* AERecordTests.xctest */;
			productType = "com.apple.product-type.bundle.unit-test";
		};
		FD5BAB2E1A38A06B00611F9E /* AERecord-OSX */ = {
			isa = PBXNativeTarget;
			buildConfigurationList = FD5BAB421A38A06B00611F9E /* Build configuration list for PBXNativeTarget "AERecord-OSX" */;
			buildPhases = (
				FD5BAB2A1A38A06B00611F9E /* Sources */,
				FD5BAB2B1A38A06B00611F9E /* Frameworks */,
				FD5BAB2C1A38A06B00611F9E /* Headers */,
				FD5BAB2D1A38A06B00611F9E /* Resources */,
			);
			buildRules = (
			);
			dependencies = (
			);
			name = "AERecord-OSX";
			productName = "AERecord-OSX";
			productReference = FD5BAB2F1A38A06B00611F9E /* AERecord.framework */;
			productType = "com.apple.product-type.framework";
		};
		FD5BAB381A38A06B00611F9E /* AERecord-OSXTests */ = {
			isa = PBXNativeTarget;
			buildConfigurationList = FD5BAB451A38A06B00611F9E /* Build configuration list for PBXNativeTarget "AERecord-OSXTests" */;
			buildPhases = (
				FD5BAB351A38A06B00611F9E /* Sources */,
				FD5BAB361A38A06B00611F9E /* Frameworks */,
				FD5BAB371A38A06B00611F9E /* Resources */,
			);
			buildRules = (
			);
			dependencies = (
				FD5BAB3C1A38A06B00611F9E /* PBXTargetDependency */,
			);
			name = "AERecord-OSXTests";
			productName = "AERecord-OSXTests";
			productReference = FD5BAB391A38A06B00611F9E /* AERecord-OSXTests.xctest */;
			productType = "com.apple.product-type.bundle.unit-test";
		};
/* End PBXNativeTarget section */

/* Begin PBXProject section */
		FD5BAAFF1A389DBA00611F9E /* Project object */ = {
			isa = PBXProject;
			attributes = {
				LastUpgradeCheck = 0610;
				ORGANIZATIONNAME = Tadija;
				TargetAttributes = {
					FD5BAB071A389DBA00611F9E = {
						CreatedOnToolsVersion = 6.1.1;
					};
					FD5BAB121A389DBA00611F9E = {
						CreatedOnToolsVersion = 6.1.1;
					};
					FD5BAB2E1A38A06B00611F9E = {
						CreatedOnToolsVersion = 6.1.1;
					};
					FD5BAB381A38A06B00611F9E = {
						CreatedOnToolsVersion = 6.1.1;
					};
				};
			};
			buildConfigurationList = FD5BAB021A389DBA00611F9E /* Build configuration list for PBXProject "AERecord" */;
			compatibilityVersion = "Xcode 3.2";
			developmentRegion = English;
			hasScannedForEncodings = 0;
			knownRegions = (
				en,
			);
			mainGroup = FD5BAAFE1A389DBA00611F9E;
			productRefGroup = FD5BAB091A389DBA00611F9E /* Products */;
			projectDirPath = "";
			projectRoot = "";
			targets = (
				FD5BAB071A389DBA00611F9E /* AERecord */,
				FD5BAB121A389DBA00611F9E /* AERecordTests */,
				FD5BAB2E1A38A06B00611F9E /* AERecord-OSX */,
				FD5BAB381A38A06B00611F9E /* AERecord-OSXTests */,
			);
		};
/* End PBXProject section */

/* Begin PBXResourcesBuildPhase section */
		FD5BAB061A389DBA00611F9E /* Resources */ = {
			isa = PBXResourcesBuildPhase;
			buildActionMask = 2147483647;
			files = (
			);
			runOnlyForDeploymentPostprocessing = 0;
		};
		FD5BAB111A389DBA00611F9E /* Resources */ = {
			isa = PBXResourcesBuildPhase;
			buildActionMask = 2147483647;
			files = (
			);
			runOnlyForDeploymentPostprocessing = 0;
		};
		FD5BAB2D1A38A06B00611F9E /* Resources */ = {
			isa = PBXResourcesBuildPhase;
			buildActionMask = 2147483647;
			files = (
			);
			runOnlyForDeploymentPostprocessing = 0;
		};
		FD5BAB371A38A06B00611F9E /* Resources */ = {
			isa = PBXResourcesBuildPhase;
			buildActionMask = 2147483647;
			files = (
			);
			runOnlyForDeploymentPostprocessing = 0;
		};
/* End PBXResourcesBuildPhase section */

/* Begin PBXSourcesBuildPhase section */
		FD5BAB031A389DBA00611F9E /* Sources */ = {
			isa = PBXSourcesBuildPhase;
			buildActionMask = 2147483647;
			files = (
				FD5BAB251A389E4300611F9E /* AERecord.swift in Sources */,
				FD5BAB291A389FC100611F9E /* AECoreDataTableView.swift in Sources */,
				FD5BAB271A389F3600611F9E /* AECoreDataCollectionView.swift in Sources */,
			);
			runOnlyForDeploymentPostprocessing = 0;
		};
		FD5BAB0F1A389DBA00611F9E /* Sources */ = {
			isa = PBXSourcesBuildPhase;
			buildActionMask = 2147483647;
			files = (
				FD5BAB1B1A389DBA00611F9E /* AERecordTests.swift in Sources */,
			);
			runOnlyForDeploymentPostprocessing = 0;
		};
		FD5BAB2A1A38A06B00611F9E /* Sources */ = {
			isa = PBXSourcesBuildPhase;
			buildActionMask = 2147483647;
			files = (
				FD5BAB481A38A08500611F9E /* AERecord.swift in Sources */,
			);
			runOnlyForDeploymentPostprocessing = 0;
		};
		FD5BAB351A38A06B00611F9E /* Sources */ = {
			isa = PBXSourcesBuildPhase;
			buildActionMask = 2147483647;
			files = (
				FD5BAB411A38A06B00611F9E /* AERecord_OSXTests.swift in Sources */,
			);
			runOnlyForDeploymentPostprocessing = 0;
		};
/* End PBXSourcesBuildPhase section */

/* Begin PBXTargetDependency section */
		FD5BAB161A389DBA00611F9E /* PBXTargetDependency */ = {
			isa = PBXTargetDependency;
			target = FD5BAB071A389DBA00611F9E /* AERecord */;
			targetProxy = FD5BAB151A389DBA00611F9E /* PBXContainerItemProxy */;
		};
		FD5BAB3C1A38A06B00611F9E /* PBXTargetDependency */ = {
			isa = PBXTargetDependency;
			target = FD5BAB2E1A38A06B00611F9E /* AERecord-OSX */;
			targetProxy = FD5BAB3B1A38A06B00611F9E /* PBXContainerItemProxy */;
		};
/* End PBXTargetDependency section */

/* Begin XCBuildConfiguration section */
		FD5BAB1C1A389DBA00611F9E /* Debug */ = {
			isa = XCBuildConfiguration;
			buildSettings = {
				ALWAYS_SEARCH_USER_PATHS = NO;
				CLANG_CXX_LANGUAGE_STANDARD = "gnu++0x";
				CLANG_CXX_LIBRARY = "libc++";
				CLANG_ENABLE_MODULES = YES;
				CLANG_ENABLE_OBJC_ARC = YES;
				CLANG_WARN_BOOL_CONVERSION = YES;
				CLANG_WARN_CONSTANT_CONVERSION = YES;
				CLANG_WARN_DIRECT_OBJC_ISA_USAGE = YES_ERROR;
				CLANG_WARN_EMPTY_BODY = YES;
				CLANG_WARN_ENUM_CONVERSION = YES;
				CLANG_WARN_INT_CONVERSION = YES;
				CLANG_WARN_OBJC_ROOT_CLASS = YES_ERROR;
				CLANG_WARN_UNREACHABLE_CODE = YES;
				CLANG_WARN__DUPLICATE_METHOD_MATCH = YES;
				"CODE_SIGN_IDENTITY[sdk=iphoneos*]" = "iPhone Developer";
				COPY_PHASE_STRIP = NO;
				CURRENT_PROJECT_VERSION = 1;
				ENABLE_STRICT_OBJC_MSGSEND = YES;
				GCC_C_LANGUAGE_STANDARD = gnu99;
				GCC_DYNAMIC_NO_PIC = NO;
				GCC_OPTIMIZATION_LEVEL = 0;
				GCC_PREPROCESSOR_DEFINITIONS = (
					"DEBUG=1",
					"$(inherited)",
				);
				GCC_SYMBOLS_PRIVATE_EXTERN = NO;
				GCC_WARN_64_TO_32_BIT_CONVERSION = YES;
				GCC_WARN_ABOUT_RETURN_TYPE = YES_ERROR;
				GCC_WARN_UNDECLARED_SELECTOR = YES;
				GCC_WARN_UNINITIALIZED_AUTOS = YES_AGGRESSIVE;
				GCC_WARN_UNUSED_FUNCTION = YES;
				GCC_WARN_UNUSED_VARIABLE = YES;
				IPHONEOS_DEPLOYMENT_TARGET = 8.1;
				MTL_ENABLE_DEBUG_INFO = YES;
				ONLY_ACTIVE_ARCH = YES;
				SDKROOT = iphoneos;
				SWIFT_OPTIMIZATION_LEVEL = "-Onone";
				TARGETED_DEVICE_FAMILY = "1,2";
				VERSIONING_SYSTEM = "apple-generic";
				VERSION_INFO_PREFIX = "";
			};
			name = Debug;
		};
		FD5BAB1D1A389DBA00611F9E /* Release */ = {
			isa = XCBuildConfiguration;
			buildSettings = {
				ALWAYS_SEARCH_USER_PATHS = NO;
				CLANG_CXX_LANGUAGE_STANDARD = "gnu++0x";
				CLANG_CXX_LIBRARY = "libc++";
				CLANG_ENABLE_MODULES = YES;
				CLANG_ENABLE_OBJC_ARC = YES;
				CLANG_WARN_BOOL_CONVERSION = YES;
				CLANG_WARN_CONSTANT_CONVERSION = YES;
				CLANG_WARN_DIRECT_OBJC_ISA_USAGE = YES_ERROR;
				CLANG_WARN_EMPTY_BODY = YES;
				CLANG_WARN_ENUM_CONVERSION = YES;
				CLANG_WARN_INT_CONVERSION = YES;
				CLANG_WARN_OBJC_ROOT_CLASS = YES_ERROR;
				CLANG_WARN_UNREACHABLE_CODE = YES;
				CLANG_WARN__DUPLICATE_METHOD_MATCH = YES;
				"CODE_SIGN_IDENTITY[sdk=iphoneos*]" = "iPhone Developer";
				COPY_PHASE_STRIP = YES;
				CURRENT_PROJECT_VERSION = 1;
				ENABLE_NS_ASSERTIONS = NO;
				ENABLE_STRICT_OBJC_MSGSEND = YES;
				GCC_C_LANGUAGE_STANDARD = gnu99;
				GCC_WARN_64_TO_32_BIT_CONVERSION = YES;
				GCC_WARN_ABOUT_RETURN_TYPE = YES_ERROR;
				GCC_WARN_UNDECLARED_SELECTOR = YES;
				GCC_WARN_UNINITIALIZED_AUTOS = YES_AGGRESSIVE;
				GCC_WARN_UNUSED_FUNCTION = YES;
				GCC_WARN_UNUSED_VARIABLE = YES;
				IPHONEOS_DEPLOYMENT_TARGET = 8.1;
				MTL_ENABLE_DEBUG_INFO = NO;
				SDKROOT = iphoneos;
				TARGETED_DEVICE_FAMILY = "1,2";
				VALIDATE_PRODUCT = YES;
				VERSIONING_SYSTEM = "apple-generic";
				VERSION_INFO_PREFIX = "";
			};
			name = Release;
		};
		FD5BAB1F1A389DBA00611F9E /* Debug */ = {
			isa = XCBuildConfiguration;
			buildSettings = {
				CLANG_ENABLE_MODULES = YES;
				DEFINES_MODULE = YES;
				DYLIB_COMPATIBILITY_VERSION = 1;
				DYLIB_CURRENT_VERSION = 1;
				DYLIB_INSTALL_NAME_BASE = "@rpath";
				INFOPLIST_FILE = AERecord/Info.plist;
				INSTALL_PATH = "$(LOCAL_LIBRARY_DIR)/Frameworks";
				LD_RUNPATH_SEARCH_PATHS = "$(inherited) @executable_path/Frameworks @loader_path/Frameworks";
				PRODUCT_NAME = "$(TARGET_NAME)";
				SKIP_INSTALL = YES;
				SWIFT_OPTIMIZATION_LEVEL = "-Onone";
			};
			name = Debug;
		};
		FD5BAB201A389DBA00611F9E /* Release */ = {
			isa = XCBuildConfiguration;
			buildSettings = {
				CLANG_ENABLE_MODULES = YES;
				DEFINES_MODULE = YES;
				DYLIB_COMPATIBILITY_VERSION = 1;
				DYLIB_CURRENT_VERSION = 1;
				DYLIB_INSTALL_NAME_BASE = "@rpath";
				INFOPLIST_FILE = AERecord/Info.plist;
				INSTALL_PATH = "$(LOCAL_LIBRARY_DIR)/Frameworks";
				LD_RUNPATH_SEARCH_PATHS = "$(inherited) @executable_path/Frameworks @loader_path/Frameworks";
				PRODUCT_NAME = "$(TARGET_NAME)";
				SKIP_INSTALL = YES;
			};
			name = Release;
		};
		FD5BAB221A389DBA00611F9E /* Debug */ = {
			isa = XCBuildConfiguration;
			buildSettings = {
				FRAMEWORK_SEARCH_PATHS = (
					"$(SDKROOT)/Developer/Library/Frameworks",
					"$(inherited)",
				);
				GCC_PREPROCESSOR_DEFINITIONS = (
					"DEBUG=1",
					"$(inherited)",
				);
				INFOPLIST_FILE = AERecordTests/Info.plist;
				LD_RUNPATH_SEARCH_PATHS = "$(inherited) @executable_path/Frameworks @loader_path/Frameworks";
				PRODUCT_NAME = "$(TARGET_NAME)";
			};
			name = Debug;
		};
		FD5BAB231A389DBA00611F9E /* Release */ = {
			isa = XCBuildConfiguration;
			buildSettings = {
				FRAMEWORK_SEARCH_PATHS = (
					"$(SDKROOT)/Developer/Library/Frameworks",
					"$(inherited)",
				);
				INFOPLIST_FILE = AERecordTests/Info.plist;
				LD_RUNPATH_SEARCH_PATHS = "$(inherited) @executable_path/Frameworks @loader_path/Frameworks";
				PRODUCT_NAME = "$(TARGET_NAME)";
			};
			name = Release;
		};
		FD5BAB431A38A06B00611F9E /* Debug */ = {
			isa = XCBuildConfiguration;
			buildSettings = {
				COMBINE_HIDPI_IMAGES = YES;
				DEFINES_MODULE = YES;
				DYLIB_COMPATIBILITY_VERSION = 1;
				DYLIB_CURRENT_VERSION = 1;
				DYLIB_INSTALL_NAME_BASE = "@rpath";
				FRAMEWORK_VERSION = A;
				GCC_PREPROCESSOR_DEFINITIONS = (
					"DEBUG=1",
					"$(inherited)",
				);
				INFOPLIST_FILE = "AERecord-OSX/Info.plist";
				INSTALL_PATH = "$(LOCAL_LIBRARY_DIR)/Frameworks";
				LD_RUNPATH_SEARCH_PATHS = "$(inherited) @executable_path/../Frameworks @loader_path/Frameworks";
				MACOSX_DEPLOYMENT_TARGET = 10.10;
				PRODUCT_NAME = AERecord;
				SDKROOT = macosx;
				SKIP_INSTALL = YES;
			};
			name = Debug;
		};
		FD5BAB441A38A06B00611F9E /* Release */ = {
			isa = XCBuildConfiguration;
			buildSettings = {
				COMBINE_HIDPI_IMAGES = YES;
				DEBUG_INFORMATION_FORMAT = "dwarf-with-dsym";
				DEFINES_MODULE = YES;
				DYLIB_COMPATIBILITY_VERSION = 1;
				DYLIB_CURRENT_VERSION = 1;
				DYLIB_INSTALL_NAME_BASE = "@rpath";
				FRAMEWORK_VERSION = A;
				INFOPLIST_FILE = "AERecord-OSX/Info.plist";
				INSTALL_PATH = "$(LOCAL_LIBRARY_DIR)/Frameworks";
				LD_RUNPATH_SEARCH_PATHS = "$(inherited) @executable_path/../Frameworks @loader_path/Frameworks";
				MACOSX_DEPLOYMENT_TARGET = 10.10;
				PRODUCT_NAME = AERecord;
				SDKROOT = macosx;
				SKIP_INSTALL = YES;
			};
			name = Release;
		};
		FD5BAB461A38A06B00611F9E /* Debug */ = {
			isa = XCBuildConfiguration;
			buildSettings = {
				COMBINE_HIDPI_IMAGES = YES;
				FRAMEWORK_SEARCH_PATHS = (
					"$(DEVELOPER_FRAMEWORKS_DIR)",
					"$(inherited)",
				);
				GCC_PREPROCESSOR_DEFINITIONS = (
					"DEBUG=1",
					"$(inherited)",
				);
				INFOPLIST_FILE = "AERecord-OSXTests/Info.plist";
				LD_RUNPATH_SEARCH_PATHS = "$(inherited) @executable_path/../Frameworks @loader_path/../Frameworks";
				MACOSX_DEPLOYMENT_TARGET = 10.10;
				PRODUCT_NAME = "$(TARGET_NAME)";
				SDKROOT = macosx;
			};
			name = Debug;
		};
		FD5BAB471A38A06B00611F9E /* Release */ = {
			isa = XCBuildConfiguration;
			buildSettings = {
				COMBINE_HIDPI_IMAGES = YES;
				DEBUG_INFORMATION_FORMAT = "dwarf-with-dsym";
				FRAMEWORK_SEARCH_PATHS = (
					"$(DEVELOPER_FRAMEWORKS_DIR)",
					"$(inherited)",
				);
				INFOPLIST_FILE = "AERecord-OSXTests/Info.plist";
				LD_RUNPATH_SEARCH_PATHS = "$(inherited) @executable_path/../Frameworks @loader_path/../Frameworks";
				MACOSX_DEPLOYMENT_TARGET = 10.10;
				PRODUCT_NAME = "$(TARGET_NAME)";
				SDKROOT = macosx;
			};
			name = Release;
		};
/* End XCBuildConfiguration section */

/* Begin XCConfigurationList section */
		FD5BAB021A389DBA00611F9E /* Build configuration list for PBXProject "AERecord" */ = {
			isa = XCConfigurationList;
			buildConfigurations = (
				FD5BAB1C1A389DBA00611F9E /* Debug */,
				FD5BAB1D1A389DBA00611F9E /* Release */,
			);
			defaultConfigurationIsVisible = 0;
			defaultConfigurationName = Release;
		};
		FD5BAB1E1A389DBA00611F9E /* Build configuration list for PBXNativeTarget "AERecord" */ = {
			isa = XCConfigurationList;
			buildConfigurations = (
				FD5BAB1F1A389DBA00611F9E /* Debug */,
				FD5BAB201A389DBA00611F9E /* Release */,
			);
			defaultConfigurationIsVisible = 0;
			defaultConfigurationName = Release;
		};
		FD5BAB211A389DBA00611F9E /* Build configuration list for PBXNativeTarget "AERecordTests" */ = {
			isa = XCConfigurationList;
			buildConfigurations = (
				FD5BAB221A389DBA00611F9E /* Debug */,
				FD5BAB231A389DBA00611F9E /* Release */,
			);
			defaultConfigurationIsVisible = 0;
			defaultConfigurationName = Release;
		};
		FD5BAB421A38A06B00611F9E /* Build configuration list for PBXNativeTarget "AERecord-OSX" */ = {
			isa = XCConfigurationList;
			buildConfigurations = (
				FD5BAB431A38A06B00611F9E /* Debug */,
				FD5BAB441A38A06B00611F9E /* Release */,
			);
			defaultConfigurationIsVisible = 0;
		};
		FD5BAB451A38A06B00611F9E /* Build configuration list for PBXNativeTarget "AERecord-OSXTests" */ = {
			isa = XCConfigurationList;
			buildConfigurations = (
				FD5BAB461A38A06B00611F9E /* Debug */,
				FD5BAB471A38A06B00611F9E /* Release */,
			);
			defaultConfigurationIsVisible = 0;
		};
/* End XCConfigurationList section */
	};
	rootObject = FD5BAAFF1A389DBA00611F9E /* Project object */;
}
